
Microsoft Visual Studio Solution File, Format Version 9.00
# Visual Studio 2005
Project("{FAE04EC0-301F-11D3-BF4B-00C04F79EFBC}") = "WebApplication1", "WebApplication1\WebApplication1.csproj", "{4D6EB130-9C74-4D6C-90E7-5885D9F6CFBB}"
	ProjectSection(WebsiteProperties) = preProject
		Debug.AspNetCompiler.Debug = "True"
		Release.AspNetCompiler.Debug = "False"
	EndProjectSection
EndProject
Project("{FAE04EC0-301F-11D3-BF4B-00C04F79EFBC}") = "ConsoleApplication1", "ConsoleApplication1\ConsoleApplication1.csproj", "{56BB9C36-5EB1-46AA-A565-A96A967ACA87}"
	ProjectSection(WebsiteProperties) = preProject
		Debug.AspNetCompiler.Debug = "True"
		Release.AspNetCompiler.Debug = "False"
	EndProjectSection
EndProject
Global
	GlobalSection(SolutionConfigurationPlatforms) = preSolution
		Debug|Any CPU = Debug|Any CPU
		Release|Any CPU = Release|Any CPU
	EndGlobalSection
	GlobalSection(ProjectConfigurationPlatforms) = postSolution
		{4D6EB130-9C74-4D6C-90E7-5885D9F6CFBB}.Debug|Any CPU.ActiveCfg = Debug|Any CPU
		{4D6EB130-9C74-4D6C-90E7-5885D9F6CFBB}.Debug|Any CPU.Build.0 = Debug|Any CPU
		{4D6EB130-9C74-4D6C-90E7-5885D9F6CFBB}.Release|Any CPU.ActiveCfg = Release|Any CPU
		{4D6EB130-9C74-4D6C-90E7-5885D9F6CFBB}.Release|Any CPU.Build.0 = Release|Any CPU
		{56BB9C36-5EB1-46AA-A565-A96A967ACA87}.Debug|Any CPU.ActiveCfg = Debug|Any CPU
		{56BB9C36-5EB1-46AA-A565-A96A967ACA87}.Debug|Any CPU.Build.0 = Debug|Any CPU
		{56BB9C36-5EB1-46AA-A565-A96A967ACA87}.Release|Any CPU.ActiveCfg = Release|Any CPU
		{56BB9C36-5EB1-46AA-A565-A96A967ACA87}.Release|Any CPU.Build.0 = Release|Any CPU
	EndGlobalSection
	GlobalSection(SolutionProperties) = preSolution
		HideSolutionNode = FALSE
	EndGlobalSection
EndGlobal
